
Microsoft Visual Studio Solution File, Format Version 12.00
# Visual Studio Version 16
VisualStudioVersion = 25.0.1706.0
MinimumVisualStudioVersion = 10.0.40219.1
Project("{FAE04EC0-301F-11D3-BF4B-00C04F79EFBC}") = "OppgaveTilfeldigeFirkanter", "OppgaveTilfeldigeFirkanter\OppgaveTilfeldigeFirkanter.csproj", "{64ECB2C7-BC07-4B27-8BAB-692227728AEF}"
EndProject
Global
	GlobalSection(SolutionConfigurationPlatforms) = preSolution
		Debug|Any CPU = Debug|Any CPU
		Release|Any CPU = Release|Any CPU
	EndGlobalSection
	GlobalSection(ProjectConfigurationPlatforms) = postSolution
		{64ECB2C7-BC07-4B27-8BAB-692227728AEF}.Debug|Any CPU.ActiveCfg = Debug|Any CPU
		{64ECB2C7-BC07-4B27-8BAB-692227728AEF}.Debug|Any CPU.Build.0 = Debug|Any CPU
		{64ECB2C7-BC07-4B27-8BAB-692227728AEF}.Release|Any CPU.ActiveCfg = Release|Any CPU
		{64ECB2C7-BC07-4B27-8BAB-692227728AEF}.Release|Any CPU.Build.0 = Release|Any CPU
	EndGlobalSection
	GlobalSection(SolutionProperties) = preSolution
		HideSolutionNode = FALSE
	EndGlobalSection
	GlobalSection(ExtensibilityGlobals) = postSolution
		SolutionGuid = {99379667-F9EA-49F1-80DA-CE9C2737C744}
	EndGlobalSection
EndGlobal
